
Microsoft Visual Studio Solution File, Format Version 12.00
# Visual Studio Version 17
VisualStudioVersion = 17.5.33424.131
MinimumVisualStudioVersion = 10.0.40219.1
Project("{FAE04EC0-301F-11D3-BF4B-00C04F79EFBC}") = "EventHandlerPrac", "EventHandlerPrac\EventHandlerPrac.csproj", "{857D981F-A203-4659-9214-58D93A23D417}"
EndProject
Global
	GlobalSection(SolutionConfigurationPlatforms) = preSolution
		Debug|Any CPU = Debug|Any CPU
		Release|Any CPU = Release|Any CPU
	EndGlobalSection
	GlobalSection(ProjectConfigurationPlatforms) = postSolution
		{857D981F-A203-4659-9214-58D93A23D417}.Debug|Any CPU.ActiveCfg = Debug|Any CPU
		{857D981F-A203-4659-9214-58D93A23D417}.Debug|Any CPU.Build.0 = Debug|Any CPU
		{857D981F-A203-4659-9214-58D93A23D417}.Release|Any CPU.ActiveCfg = Release|Any CPU
		{857D981F-A203-4659-9214-58D93A23D417}.Release|Any CPU.Build.0 = Release|Any CPU
	EndGlobalSection
	GlobalSection(SolutionProperties) = preSolution
		HideSolutionNode = FALSE
	EndGlobalSection
	GlobalSection(ExtensibilityGlobals) = postSolution
		SolutionGuid = {3F138E1D-A7A6-4FBA-A1C5-FA92C25908D9}
	EndGlobalSection
EndGlobal
